
Microsoft Visual Studio Solution File, Format Version 12.00
# Visual Studio Version 17
VisualStudioVersion = 17.8.34408.163
MinimumVisualStudioVersion = 10.0.40219.1
Project("{8BC9CEB8-8B4A-11D0-8D11-00A0C91BC942}") = "SpaceShooter", "SpaceShooter\SpaceShooter.vcxproj", "{4C4A9C7A-4E98-4213-B8D4-A0F521765CD9}"
EndProject
Global
	GlobalSection(SolutionConfigurationPlatforms) = preSolution
		Debug|x64 = Debug|x64
		Debug|x86 = Debug|x86
		Release|x64 = Release|x64
		Release|x86 = Release|x86
	EndGlobalSection
	GlobalSection(ProjectConfigurationPlatforms) = postSolution
		{4C4A9C7A-4E98-4213-B8D4-A0F521765CD9}.Debug|x64.ActiveCfg = Debug|x64
		{4C4A9C7A-4E98-4213-B8D4-A0F521765CD9}.Debug|x64.Build.0 = Debug|x64
		{4C4A9C7A-4E98-4213-B8D4-A0F521765CD9}.Debug|x86.ActiveCfg = Debug|Win32
		{4C4A9C7A-4E98-4213-B8D4-A0F521765CD9}.Debug|x86.Build.0 = Debug|Win32
		{4C4A9C7A-4E98-4213-B8D4-A0F521765CD9}.Release|x64.ActiveCfg = Release|x64
		{4C4A9C7A-4E98-4213-B8D4-A0F521765CD9}.Release|x64.Build.0 = Release|x64
		{4C4A9C7A-4E98-4213-B8D4-A0F521765CD9}.Release|x86.ActiveCfg = Release|Win32
		{4C4A9C7A-4E98-4213-B8D4-A0F521765CD9}.Release|x86.Build.0 = Release|Win32
	EndGlobalSection
	GlobalSection(SolutionProperties) = preSolution
		HideSolutionNode = FALSE
	EndGlobalSection
	GlobalSection(ExtensibilityGlobals) = postSolution
		SolutionGuid = {FE44B860-30B2-40DE-BC05-EC7C23AB0D89}
	EndGlobalSection
EndGlobal
